
Microsoft Visual Studio Solution File, Format Version 12.00
# Visual Studio Version 17
VisualStudioVersion = 17.5.33627.172
MinimumVisualStudioVersion = 10.0.40219.1
Project("{FAE04EC0-301F-11D3-BF4B-00C04F79EFBC}") = "api_demo_mamaeva", "api_demo_mamaeva\api_demo_mamaeva.csproj", "{2A2F0D98-3BF0-469A-AFD8-D168DBE4755D}"
EndProject
Global
	GlobalSection(SolutionConfigurationPlatforms) = preSolution
		Debug|Any CPU = Debug|Any CPU
		Release|Any CPU = Release|Any CPU
	EndGlobalSection
	GlobalSection(ProjectConfigurationPlatforms) = postSolution
		{2A2F0D98-3BF0-469A-AFD8-D168DBE4755D}.Debug|Any CPU.ActiveCfg = Debug|Any CPU
		{2A2F0D98-3BF0-469A-AFD8-D168DBE4755D}.Debug|Any CPU.Build.0 = Debug|Any CPU
		{2A2F0D98-3BF0-469A-AFD8-D168DBE4755D}.Release|Any CPU.ActiveCfg = Release|Any CPU
		{2A2F0D98-3BF0-469A-AFD8-D168DBE4755D}.Release|Any CPU.Build.0 = Release|Any CPU
	EndGlobalSection
	GlobalSection(SolutionProperties) = preSolution
		HideSolutionNode = FALSE
	EndGlobalSection
	GlobalSection(ExtensibilityGlobals) = postSolution
		SolutionGuid = {D7388E9E-4D12-42C0-BA28-72981C6C3F58}
	EndGlobalSection
EndGlobal
